
Microsoft Visual Studio Solution File, Format Version 12.00
# Visual Studio Version 17
VisualStudioVersion = 17.1.32210.238
MinimumVisualStudioVersion = 10.0.40219.1
Project("{FAE04EC0-301F-11D3-BF4B-00C04F79EFBC}") = "Multicast", "Multicast\Multicast.csproj", "{09B302DE-AA93-4230-B233-87422C891763}"
EndProject
Project("{FAE04EC0-301F-11D3-BF4B-00C04F79EFBC}") = "MulticastServer", "MulticastServer\MulticastServer.csproj", "{6F7C1ED4-BD5C-4754-839D-CA3AF50549D0}"
EndProject
Global
	GlobalSection(SolutionConfigurationPlatforms) = preSolution
		Debug|Any CPU = Debug|Any CPU
		Release|Any CPU = Release|Any CPU
	EndGlobalSection
	GlobalSection(ProjectConfigurationPlatforms) = postSolution
		{09B302DE-AA93-4230-B233-87422C891763}.Debug|Any CPU.ActiveCfg = Debug|Any CPU
		{09B302DE-AA93-4230-B233-87422C891763}.Debug|Any CPU.Build.0 = Debug|Any CPU
		{09B302DE-AA93-4230-B233-87422C891763}.Release|Any CPU.ActiveCfg = Release|Any CPU
		{09B302DE-AA93-4230-B233-87422C891763}.Release|Any CPU.Build.0 = Release|Any CPU
		{6F7C1ED4-BD5C-4754-839D-CA3AF50549D0}.Debug|Any CPU.ActiveCfg = Debug|Any CPU
		{6F7C1ED4-BD5C-4754-839D-CA3AF50549D0}.Debug|Any CPU.Build.0 = Debug|Any CPU
		{6F7C1ED4-BD5C-4754-839D-CA3AF50549D0}.Release|Any CPU.ActiveCfg = Release|Any CPU
		{6F7C1ED4-BD5C-4754-839D-CA3AF50549D0}.Release|Any CPU.Build.0 = Release|Any CPU
	EndGlobalSection
	GlobalSection(SolutionProperties) = preSolution
		HideSolutionNode = FALSE
	EndGlobalSection
	GlobalSection(ExtensibilityGlobals) = postSolution
		SolutionGuid = {AD5635C1-B2C7-406F-B80B-249896223078}
	EndGlobalSection
EndGlobal
